{
  "originHash" : "8b22e2f205a7ed25ff54cad39c37fc93fb7a45f3f53934a9648b226e095342e6",
  "pins" : [
    {
      "identity" : "sebbu-c-libuv",
      "kind" : "remoteSourceControl",
      "location" : "https://github.com/MarSe32m/sebbu-c-libuv.git",
      "state" : {
        "revision" : "25cb76606cfc2eb4ad65206239177692c6614768",
        "version" : "1.48.0"
      }
    },
    {
      "identity" : "swift-collections",
      "kind" : "remoteSourceControl",
      "location" : "https://github.com/apple/swift-collections.git",
      "state" : {
        "revision" : "3d2dc41a01f9e49d84f0a3925fb858bed64f702d",
        "version" : "1.1.2"
      }
    }
  ],
  "version" : 3
}
